
Microsoft Visual Studio Solution File, Format Version 12.00
# Visual Studio 14
VisualStudioVersion = 14.0.25123.0
MinimumVisualStudioVersion = 10.0.40219.1
Project("{FAE04EC0-301F-11D3-BF4B-00C04F79EFBC}") = "MeetingBoard", "MeetingBoard\MeetingBoard.csproj", "{62268C26-0D6F-44F4-94F0-6F5EDCD15BAA}"
EndProject
Global
	GlobalSection(SolutionConfigurationPlatforms) = preSolution
		Debug|Any CPU = Debug|Any CPU
		Release|Any CPU = Release|Any CPU
	EndGlobalSection
	GlobalSection(ProjectConfigurationPlatforms) = postSolution
		{62268C26-0D6F-44F4-94F0-6F5EDCD15BAA}.Debug|Any CPU.ActiveCfg = Debug|Any CPU
		{62268C26-0D6F-44F4-94F0-6F5EDCD15BAA}.Debug|Any CPU.Build.0 = Debug|Any CPU
		{62268C26-0D6F-44F4-94F0-6F5EDCD15BAA}.Release|Any CPU.ActiveCfg = Release|Any CPU
		{62268C26-0D6F-44F4-94F0-6F5EDCD15BAA}.Release|Any CPU.Build.0 = Release|Any CPU
	EndGlobalSection
	GlobalSection(SolutionProperties) = preSolution
		HideSolutionNode = FALSE
	EndGlobalSection
EndGlobal
